
Microsoft Visual Studio Solution File, Format Version 12.00
# Visual Studio 15
VisualStudioVersion = 15.0.28010.2041
MinimumVisualStudioVersion = 10.0.40219.1
Project("{FAE04EC0-301F-11D3-BF4B-00C04F79EFBC}") = "SystemRezerwacjiKortow", "SystemRezerwacjiKortow\SystemRezerwacjiKortow.csproj", "{3A6B6D52-DA58-4DF7-AEB4-188172F849AA}"
EndProject
Global
	GlobalSection(SolutionConfigurationPlatforms) = preSolution
		Debug|Any CPU = Debug|Any CPU
		Release|Any CPU = Release|Any CPU
	EndGlobalSection
	GlobalSection(ProjectConfigurationPlatforms) = postSolution
		{3A6B6D52-DA58-4DF7-AEB4-188172F849AA}.Debug|Any CPU.ActiveCfg = Debug|Any CPU
		{3A6B6D52-DA58-4DF7-AEB4-188172F849AA}.Debug|Any CPU.Build.0 = Debug|Any CPU
		{3A6B6D52-DA58-4DF7-AEB4-188172F849AA}.Release|Any CPU.ActiveCfg = Release|Any CPU
		{3A6B6D52-DA58-4DF7-AEB4-188172F849AA}.Release|Any CPU.Build.0 = Release|Any CPU
	EndGlobalSection
	GlobalSection(SolutionProperties) = preSolution
		HideSolutionNode = FALSE
	EndGlobalSection
	GlobalSection(ExtensibilityGlobals) = postSolution
		SolutionGuid = {128C115C-1EF3-474D-9792-DB09D6513ED0}
	EndGlobalSection
EndGlobal
